# generated by rye
# use `rye lock` or `rye sync` to update this lockfile
#
# last locked with the following flags:
#   pre: false
#   features: []
#   all-features: false
#   with-sources: false

-e file:.
annotated-types==0.6.0
    # via pydantic
cachetools==5.3.3
    # via tox
chardet==5.2.0
    # via tox
colorama==0.4.6
    # via tox
coverage==7.5.1
    # via pytest-cov
distlib==0.3.8
    # via virtualenv
filelock==3.14.0
    # via tox
    # via virtualenv
iniconfig==2.0.0
    # via pytest
lz4==4.3.3
    # via rosbags
mypy==1.10.0
mypy-extensions==1.0.0
    # via mypy
numpy==1.26.4
    # via hydra4
    # via pypcd4
    # via rosbags
packaging==24.0
    # via pyproject-api
    # via pytest
    # via setuptools-scm
    # via tox
platformdirs==4.2.1
    # via tox
    # via virtualenv
pluggy==1.5.0
    # via pytest
    # via tox
pydantic==2.6.4
    # via pypcd4
pydantic-core==2.16.3
    # via pydantic
pypcd4==0.4.11
    # via hydra4
pyproject-api==1.6.1
    # via tox
pytest==8.2.0
    # via pytest-cov
pytest-cov==5.0.0
python-lzf==0.2.4
    # via pypcd4
rosbags==0.10.0
ruamel-yaml==0.18.6
    # via rosbags
ruamel-yaml-clib==0.2.8
    # via ruamel-yaml
ruff==0.4.3
setuptools==69.5.1
    # via setuptools-scm
setuptools-scm==8.0.4
tox==4.15.0
typing-extensions==4.11.0
    # via mypy
    # via pydantic
    # via pydantic-core
    # via setuptools-scm
virtualenv==20.26.1
    # via tox
zstandard==0.22.0
    # via rosbags
